
Microsoft Visual Studio Solution File, Format Version 12.00
# Visual Studio Version 17
VisualStudioVersion = 17.5.33502.453
MinimumVisualStudioVersion = 10.0.40219.1
Project("{FAE04EC0-301F-11D3-BF4B-00C04F79EFBC}") = "Singleton_Design_Pattern", "Singleton_Design_Pattern\Singleton_Design_Pattern.csproj", "{4D4F85D6-23C6-408C-974E-0AB68C31C3D4}"
EndProject
Global
	GlobalSection(SolutionConfigurationPlatforms) = preSolution
		Debug|Any CPU = Debug|Any CPU
		Release|Any CPU = Release|Any CPU
	EndGlobalSection
	GlobalSection(ProjectConfigurationPlatforms) = postSolution
		{4D4F85D6-23C6-408C-974E-0AB68C31C3D4}.Debug|Any CPU.ActiveCfg = Debug|Any CPU
		{4D4F85D6-23C6-408C-974E-0AB68C31C3D4}.Debug|Any CPU.Build.0 = Debug|Any CPU
		{4D4F85D6-23C6-408C-974E-0AB68C31C3D4}.Release|Any CPU.ActiveCfg = Release|Any CPU
		{4D4F85D6-23C6-408C-974E-0AB68C31C3D4}.Release|Any CPU.Build.0 = Release|Any CPU
	EndGlobalSection
	GlobalSection(SolutionProperties) = preSolution
		HideSolutionNode = FALSE
	EndGlobalSection
	GlobalSection(ExtensibilityGlobals) = postSolution
		SolutionGuid = {F3E8D684-2FE1-4C0E-AD1B-03C6535AD50F}
	EndGlobalSection
EndGlobal
